
Microsoft Visual Studio Solution File, Format Version 12.00
# Visual Studio Version 17
VisualStudioVersion = 17.8.34309.116
MinimumVisualStudioVersion = 10.0.40219.1
Project("{FAE04EC0-301F-11D3-BF4B-00C04F79EFBC}") = "Assignment3", "Assignment3\Assignment3.csproj", "{A94D5A86-CF80-41CB-83EA-0858FB907FDB}"
EndProject
Global
	GlobalSection(SolutionConfigurationPlatforms) = preSolution
		Debug|Any CPU = Debug|Any CPU
		Release|Any CPU = Release|Any CPU
	EndGlobalSection
	GlobalSection(ProjectConfigurationPlatforms) = postSolution
		{A94D5A86-CF80-41CB-83EA-0858FB907FDB}.Debug|Any CPU.ActiveCfg = Debug|Any CPU
		{A94D5A86-CF80-41CB-83EA-0858FB907FDB}.Debug|Any CPU.Build.0 = Debug|Any CPU
		{A94D5A86-CF80-41CB-83EA-0858FB907FDB}.Release|Any CPU.ActiveCfg = Release|Any CPU
		{A94D5A86-CF80-41CB-83EA-0858FB907FDB}.Release|Any CPU.Build.0 = Release|Any CPU
	EndGlobalSection
	GlobalSection(SolutionProperties) = preSolution
		HideSolutionNode = FALSE
	EndGlobalSection
	GlobalSection(ExtensibilityGlobals) = postSolution
		SolutionGuid = {52678602-4A54-4BBC-9161-7EC6443AC0DC}
	EndGlobalSection
EndGlobal
